// !$*UTF8*$!
{
	archiveVersion = 1;
	classes = {
	};
	objectVersion = 56;
	objects = {

/* Begin PBXBuildFile section */
		401255EC2A91397800824CE6 /* PokemonDetail.swift in Sources */ = {isa = PBXBuildFile; fileRef = 401255EB2A91397800824CE6 /* PokemonDetail.swift */; };
		401255F02A913B2400824CE6 /* PokemonImages.swift in Sources */ = {isa = PBXBuildFile; fileRef = 401255EF2A913B2400824CE6 /* PokemonImages.swift */; };
		408D49792A9004C200F75720 /* Spacing.swift in Sources */ = {isa = PBXBuildFile; fileRef = 408D49782A9004C200F75720 /* Spacing.swift */; };
		408D497C2A90070F00F75720 /* Pokemon.swift in Sources */ = {isa = PBXBuildFile; fileRef = 408D497B2A90070F00F75720 /* Pokemon.swift */; };
		408D497E2A9007EB00F75720 /* PokedexGridCell.swift in Sources */ = {isa = PBXBuildFile; fileRef = 408D497D2A9007EB00F75720 /* PokedexGridCell.swift */; };
		408D49822A900CB000F75720 /* PokedexGridViewModel.swift in Sources */ = {isa = PBXBuildFile; fileRef = 408D49812A900CB000F75720 /* PokedexGridViewModel.swift */; };
		408D49842A90120400F75720 /* NetworkService.swift in Sources */ = {isa = PBXBuildFile; fileRef = 408D49832A90120400F75720 /* NetworkService.swift */; };
		408D49862A90231C00F75720 /* FetchListResponse.swift in Sources */ = {isa = PBXBuildFile; fileRef = 408D49852A90231C00F75720 /* FetchListResponse.swift */; };
		40B21C622A8EC1900074F79C /* PokedexApp.swift in Sources */ = {isa = PBXBuildFile; fileRef = 40B21C612A8EC1900074F79C /* PokedexApp.swift */; };
		40B21C642A8EC1900074F79C /* PokedexGrid.swift in Sources */ = {isa = PBXBuildFile; fileRef = 40B21C632A8EC1900074F79C /* PokedexGrid.swift */; };
		40B21C662A8EC1920074F79C /* Assets.xcassets in Resources */ = {isa = PBXBuildFile; fileRef = 40B21C652A8EC1920074F79C /* Assets.xcassets */; };
		40B21C692A8EC1920074F79C /* Preview Assets.xcassets in Resources */ = {isa = PBXBuildFile; fileRef = 40B21C682A8EC1920074F79C /* Preview Assets.xcassets */; };
/* End PBXBuildFile section */

/* Begin PBXFileReference section */
		401255EB2A91397800824CE6 /* PokemonDetail.swift */ = {isa = PBXFileReference; lastKnownFileType = sourcecode.swift; path = PokemonDetail.swift; sourceTree = "<group>"; };
		401255EF2A913B2400824CE6 /* PokemonImages.swift */ = {isa = PBXFileReference; lastKnownFileType = sourcecode.swift; path = PokemonImages.swift; sourceTree = "<group>"; };
		408D49782A9004C200F75720 /* Spacing.swift */ = {isa = PBXFileReference; lastKnownFileType = sourcecode.swift; path = Spacing.swift; sourceTree = "<group>"; };
		408D497B2A90070F00F75720 /* Pokemon.swift */ = {isa = PBXFileReference; lastKnownFileType = sourcecode.swift; path = Pokemon.swift; sourceTree = "<group>"; };
		408D497D2A9007EB00F75720 /* PokedexGridCell.swift */ = {isa = PBXFileReference; lastKnownFileType = sourcecode.swift; path = PokedexGridCell.swift; sourceTree = "<group>"; };
		408D49812A900CB000F75720 /* PokedexGridViewModel.swift */ = {isa = PBXFileReference; lastKnownFileType = sourcecode.swift; path = PokedexGridViewModel.swift; sourceTree = "<group>"; };
		408D49832A90120400F75720 /* NetworkService.swift */ = {isa = PBXFileReference; lastKnownFileType = sourcecode.swift; path = NetworkService.swift; sourceTree = "<group>"; };
		408D49852A90231C00F75720 /* FetchListResponse.swift */ = {isa = PBXFileReference; lastKnownFileType = sourcecode.swift; path = FetchListResponse.swift; sourceTree = "<group>"; };
		40B21C5E2A8EC1900074F79C /* Pokedex.app */ = {isa = PBXFileReference; explicitFileType = wrapper.application; includeInIndex = 0; path = Pokedex.app; sourceTree = BUILT_PRODUCTS_DIR; };
		40B21C612A8EC1900074F79C /* PokedexApp.swift */ = {isa = PBXFileReference; lastKnownFileType = sourcecode.swift; path = PokedexApp.swift; sourceTree = "<group>"; };
		40B21C632A8EC1900074F79C /* PokedexGrid.swift */ = {isa = PBXFileReference; lastKnownFileType = sourcecode.swift; path = PokedexGrid.swift; sourceTree = "<group>"; };
		40B21C652A8EC1920074F79C /* Assets.xcassets */ = {isa = PBXFileReference; lastKnownFileType = folder.assetcatalog; path = Assets.xcassets; sourceTree = "<group>"; };
		40B21C682A8EC1920074F79C /* Preview Assets.xcassets */ = {isa = PBXFileReference; lastKnownFileType = folder.assetcatalog; path = "Preview Assets.xcassets"; sourceTree = "<group>"; };
/* End PBXFileReference section */

/* Begin PBXFrameworksBuildPhase section */
		40B21C5B2A8EC1900074F79C /* Frameworks */ = {
			isa = PBXFrameworksBuildPhase;
			buildActionMask = 2147483647;
			files = (
			);
			runOnlyForDeploymentPostprocessing = 0;
		};
/* End PBXFrameworksBuildPhase section */

/* Begin PBXGroup section */
		408D49742A90019300F75720 /* Views */ = {
			isa = PBXGroup;
			children = (
				40B21C632A8EC1900074F79C /* PokedexGrid.swift */,
				408D497D2A9007EB00F75720 /* PokedexGridCell.swift */,
			);
			path = Views;
			sourceTree = "<group>";
		};
		408D49752A90025300F75720 /* ViewModels */ = {
			isa = PBXGroup;
			children = (
				408D49812A900CB000F75720 /* PokedexGridViewModel.swift */,
			);
			path = ViewModels;
			sourceTree = "<group>";
		};
		408D49762A90025C00F75720 /* Services */ = {
			isa = PBXGroup;
			children = (
				408D49832A90120400F75720 /* NetworkService.swift */,
			);
			path = Services;
			sourceTree = "<group>";
		};
		408D49772A9004B400F75720 /* Utilities */ = {
			isa = PBXGroup;
			children = (
				408D49782A9004C200F75720 /* Spacing.swift */,
			);
			path = Utilities;
			sourceTree = "<group>";
		};
		408D497A2A9006F200F75720 /* Models */ = {
			isa = PBXGroup;
			children = (
				408D497B2A90070F00F75720 /* Pokemon.swift */,
				401255EB2A91397800824CE6 /* PokemonDetail.swift */,
				408D49852A90231C00F75720 /* FetchListResponse.swift */,
				401255EF2A913B2400824CE6 /* PokemonImages.swift */,
			);
			path = Models;
			sourceTree = "<group>";
		};
		40B21C552A8EC1900074F79C = {
			isa = PBXGroup;
			children = (
				40B21C602A8EC1900074F79C /* Pokedex */,
				40B21C5F2A8EC1900074F79C /* Products */,
			);
			sourceTree = "<group>";
		};
		40B21C5F2A8EC1900074F79C /* Products */ = {
			isa = PBXGroup;
			children = (
				40B21C5E2A8EC1900074F79C /* Pokedex.app */,
			);
			name = Products;
			sourceTree = "<group>";
		};
		40B21C602A8EC1900074F79C /* Pokedex */ = {
			isa = PBXGroup;
			children = (
				408D497A2A9006F200F75720 /* Models */,
				408D49772A9004B400F75720 /* Utilities */,
				408D49742A90019300F75720 /* Views */,
				408D49752A90025300F75720 /* ViewModels */,
				408D49762A90025C00F75720 /* Services */,
				40B21C612A8EC1900074F79C /* PokedexApp.swift */,
				40B21C652A8EC1920074F79C /* Assets.xcassets */,
				40B21C672A8EC1920074F79C /* Preview Content */,
			);
			path = Pokedex;
			sourceTree = "<group>";
		};
		40B21C672A8EC1920074F79C /* Preview Content */ = {
			isa = PBXGroup;
			children = (
				40B21C682A8EC1920074F79C /* Preview Assets.xcassets */,
			);
			path = "Preview Content";
			sourceTree = "<group>";
		};
/* End PBXGroup section */

/* Begin PBXNativeTarget section */
		40B21C5D2A8EC1900074F79C /* Pokedex */ = {
			isa = PBXNativeTarget;
			buildConfigurationList = 40B21C6C2A8EC1920074F79C /* Build configuration list for PBXNativeTarget "Pokedex" */;
			buildPhases = (
				40B21C5A2A8EC1900074F79C /* Sources */,
				40B21C5B2A8EC1900074F79C /* Frameworks */,
				40B21C5C2A8EC1900074F79C /* Resources */,
			);
			buildRules = (
			);
			dependencies = (
			);
			name = Pokedex;
			productName = Pokedex;
			productReference = 40B21C5E2A8EC1900074F79C /* Pokedex.app */;
			productType = "com.apple.product-type.application";
		};
/* End PBXNativeTarget section */

/* Begin PBXProject section */
		40B21C562A8EC1900074F79C /* Project object */ = {
			isa = PBXProject;
			attributes = {
				BuildIndependentTargetsInParallel = 1;
				LastSwiftUpdateCheck = 1430;
				LastUpgradeCheck = 1430;
				TargetAttributes = {
					40B21C5D2A8EC1900074F79C = {
						CreatedOnToolsVersion = 14.3;
					};
				};
			};
			buildConfigurationList = 40B21C592A8EC1900074F79C /* Build configuration list for PBXProject "Pokedex" */;
			compatibilityVersion = "Xcode 14.0";
			developmentRegion = en;
			hasScannedForEncodings = 0;
			knownRegions = (
				en,
				Base,
			);
			mainGroup = 40B21C552A8EC1900074F79C;
			productRefGroup = 40B21C5F2A8EC1900074F79C /* Products */;
			projectDirPath = "";
			projectRoot = "";
			targets = (
				40B21C5D2A8EC1900074F79C /* Pokedex */,
			);
		};
/* End PBXProject section */

/* Begin PBXResourcesBuildPhase section */
		40B21C5C2A8EC1900074F79C /* Resources */ = {
			isa = PBXResourcesBuildPhase;
			buildActionMask = 2147483647;
			files = (
				40B21C692A8EC1920074F79C /* Preview Assets.xcassets in Resources */,
				40B21C662A8EC1920074F79C /* Assets.xcassets in Resources */,
			);
			runOnlyForDeploymentPostprocessing = 0;
		};
/* End PBXResourcesBuildPhase section */

/* Begin PBXSourcesBuildPhase section */
		40B21C5A2A8EC1900074F79C /* Sources */ = {
			isa = PBXSourcesBuildPhase;
			buildActionMask = 2147483647;
			files = (
				408D497E2A9007EB00F75720 /* PokedexGridCell.swift in Sources */,
				40B21C642A8EC1900074F79C /* PokedexGrid.swift in Sources */,
				401255EC2A91397800824CE6 /* PokemonDetail.swift in Sources */,
				408D497C2A90070F00F75720 /* Pokemon.swift in Sources */,
				401255F02A913B2400824CE6 /* PokemonImages.swift in Sources */,
				40B21C622A8EC1900074F79C /* PokedexApp.swift in Sources */,
				408D49792A9004C200F75720 /* Spacing.swift in Sources */,
				408D49822A900CB000F75720 /* PokedexGridViewModel.swift in Sources */,
				408D49842A90120400F75720 /* NetworkService.swift in Sources */,
				408D49862A90231C00F75720 /* FetchListResponse.swift in Sources */,
			);
			runOnlyForDeploymentPostprocessing = 0;
		};
/* End PBXSourcesBuildPhase section */

/* Begin XCBuildConfiguration section */
		40B21C6A2A8EC1920074F79C /* Debug */ = {
			isa = XCBuildConfiguration;
			buildSettings = {
				ALWAYS_SEARCH_USER_PATHS = NO;
				CLANG_ANALYZER_NONNULL = YES;
				CLANG_ANALYZER_NUMBER_OBJECT_CONVERSION = YES_AGGRESSIVE;
				CLANG_CXX_LANGUAGE_STANDARD = "gnu++20";
				CLANG_ENABLE_MODULES = YES;
				CLANG_ENABLE_OBJC_ARC = YES;
				CLANG_ENABLE_OBJC_WEAK = YES;
				CLANG_WARN_BLOCK_CAPTURE_AUTORELEASING = YES;
				CLANG_WARN_BOOL_CONVERSION = YES;
				CLANG_WARN_COMMA = YES;
				CLANG_WARN_CONSTANT_CONVERSION = YES;
				CLANG_WARN_DEPRECATED_OBJC_IMPLEMENTATIONS = YES;
				CLANG_WARN_DIRECT_OBJC_ISA_USAGE = YES_ERROR;
				CLANG_WARN_DOCUMENTATION_COMMENTS = YES;
				CLANG_WARN_EMPTY_BODY = YES;
				CLANG_WARN_ENUM_CONVERSION = YES;
				CLANG_WARN_INFINITE_RECURSION = YES;
				CLANG_WARN_INT_CONVERSION = YES;
				CLANG_WARN_NON_LITERAL_NULL_CONVERSION = YES;
				CLANG_WARN_OBJC_IMPLICIT_RETAIN_SELF = YES;
				CLANG_WARN_OBJC_LITERAL_CONVERSION = YES;
				CLANG_WARN_OBJC_ROOT_CLASS = YES_ERROR;
				CLANG_WARN_QUOTED_INCLUDE_IN_FRAMEWORK_HEADER = YES;
				CLANG_WARN_RANGE_LOOP_ANALYSIS = YES;
				CLANG_WARN_STRICT_PROTOTYPES = YES;
				CLANG_WARN_SUSPICIOUS_MOVE = YES;
				CLANG_WARN_UNGUARDED_AVAILABILITY = YES_AGGRESSIVE;
				CLANG_WARN_UNREACHABLE_CODE = YES;
				CLANG_WARN__DUPLICATE_METHOD_MATCH = YES;
				COPY_PHASE_STRIP = NO;
				DEBUG_INFORMATION_FORMAT = dwarf;
				ENABLE_STRICT_OBJC_MSGSEND = YES;
				ENABLE_TESTABILITY = YES;
				GCC_C_LANGUAGE_STANDARD = gnu11;
				GCC_DYNAMIC_NO_PIC = NO;
				GCC_NO_COMMON_BLOCKS = YES;
				GCC_OPTIMIZATION_LEVEL = 0;
				GCC_PREPROCESSOR_DEFINITIONS = (
					"DEBUG=1",
					"$(inherited)",
				);
				GCC_WARN_64_TO_32_BIT_CONVERSION = YES;
				GCC_WARN_ABOUT_RETURN_TYPE = YES_ERROR;
				GCC_WARN_UNDECLARED_SELECTOR = YES;
				GCC_WARN_UNINITIALIZED_AUTOS = YES_AGGRESSIVE;
				GCC_WARN_UNUSED_FUNCTION = YES;
				GCC_WARN_UNUSED_VARIABLE = YES;
				IPHONEOS_DEPLOYMENT_TARGET = 16.4;
				MTL_ENABLE_DEBUG_INFO = INCLUDE_SOURCE;
				MTL_FAST_MATH = YES;
				ONLY_ACTIVE_ARCH = YES;
				SDKROOT = iphoneos;
				SWIFT_ACTIVE_COMPILATION_CONDITIONS = DEBUG;
				SWIFT_OPTIMIZATION_LEVEL = "-Onone";
			};
			name = Debug;
		};
		40B21C6B2A8EC1920074F79C /* Release */ = {
			isa = XCBuildConfiguration;
			buildSettings = {
				ALWAYS_SEARCH_USER_PATHS = NO;
				CLANG_ANALYZER_NONNULL = YES;
				CLANG_ANALYZER_NUMBER_OBJECT_CONVERSION = YES_AGGRESSIVE;
				CLANG_CXX_LANGUAGE_STANDARD = "gnu++20";
				CLANG_ENABLE_MODULES = YES;
				CLANG_ENABLE_OBJC_ARC = YES;
				CLANG_ENABLE_OBJC_WEAK = YES;
				CLANG_WARN_BLOCK_CAPTURE_AUTORELEASING = YES;
				CLANG_WARN_BOOL_CONVERSION = YES;
				CLANG_WARN_COMMA = YES;
				CLANG_WARN_CONSTANT_CONVERSION = YES;
				CLANG_WARN_DEPRECATED_OBJC_IMPLEMENTATIONS = YES;
				CLANG_WARN_DIRECT_OBJC_ISA_USAGE = YES_ERROR;
				CLANG_WARN_DOCUMENTATION_COMMENTS = YES;
				CLANG_WARN_EMPTY_BODY = YES;
				CLANG_WARN_ENUM_CONVERSION = YES;
				CLANG_WARN_INFINITE_RECURSION = YES;
				CLANG_WARN_INT_CONVERSION = YES;
				CLANG_WARN_NON_LITERAL_NULL_CONVERSION = YES;
				CLANG_WARN_OBJC_IMPLICIT_RETAIN_SELF = YES;
				CLANG_WARN_OBJC_LITERAL_CONVERSION = YES;
				CLANG_WARN_OBJC_ROOT_CLASS = YES_ERROR;
				CLANG_WARN_QUOTED_INCLUDE_IN_FRAMEWORK_HEADER = YES;
				CLANG_WARN_RANGE_LOOP_ANALYSIS = YES;
				CLANG_WARN_STRICT_PROTOTYPES = YES;
				CLANG_WARN_SUSPICIOUS_MOVE = YES;
				CLANG_WARN_UNGUARDED_AVAILABILITY = YES_AGGRESSIVE;
				CLANG_WARN_UNREACHABLE_CODE = YES;
				CLANG_WARN__DUPLICATE_METHOD_MATCH = YES;
				COPY_PHASE_STRIP = NO;
				DEBUG_INFORMATION_FORMAT = "dwarf-with-dsym";
				ENABLE_NS_ASSERTIONS = NO;
				ENABLE_STRICT_OBJC_MSGSEND = YES;
				GCC_C_LANGUAGE_STANDARD = gnu11;
				GCC_NO_COMMON_BLOCKS = YES;
				GCC_WARN_64_TO_32_BIT_CONVERSION = YES;
				GCC_WARN_ABOUT_RETURN_TYPE = YES_ERROR;
				GCC_WARN_UNDECLARED_SELECTOR = YES;
				GCC_WARN_UNINITIALIZED_AUTOS = YES_AGGRESSIVE;
				GCC_WARN_UNUSED_FUNCTION = YES;
				GCC_WARN_UNUSED_VARIABLE = YES;
				IPHONEOS_DEPLOYMENT_TARGET = 16.4;
				MTL_ENABLE_DEBUG_INFO = NO;
				MTL_FAST_MATH = YES;
				SDKROOT = iphoneos;
				SWIFT_COMPILATION_MODE = wholemodule;
				SWIFT_OPTIMIZATION_LEVEL = "-O";
				VALIDATE_PRODUCT = YES;
			};
			name = Release;
		};
		40B21C6D2A8EC1920074F79C /* Debug */ = {
			isa = XCBuildConfiguration;
			buildSettings = {
				ASSETCATALOG_COMPILER_APPICON_NAME = AppIcon;
				ASSETCATALOG_COMPILER_GLOBAL_ACCENT_COLOR_NAME = AccentColor;
				CODE_SIGN_STYLE = Automatic;
				CURRENT_PROJECT_VERSION = 1;
				DEVELOPMENT_ASSET_PATHS = "\"Pokedex/Preview Content\"";
				DEVELOPMENT_TEAM = 2XGL4K68PY;
				ENABLE_PREVIEWS = YES;
				GENERATE_INFOPLIST_FILE = YES;
				INFOPLIST_KEY_UIApplicationSceneManifest_Generation = YES;
				INFOPLIST_KEY_UIApplicationSupportsIndirectInputEvents = YES;
				INFOPLIST_KEY_UILaunchScreen_Generation = YES;
				INFOPLIST_KEY_UISupportedInterfaceOrientations_iPad = "UIInterfaceOrientationPortrait UIInterfaceOrientationPortraitUpsideDown UIInterfaceOrientationLandscapeLeft UIInterfaceOrientationLandscapeRight";
				INFOPLIST_KEY_UISupportedInterfaceOrientations_iPhone = "UIInterfaceOrientationPortrait UIInterfaceOrientationLandscapeLeft UIInterfaceOrientationLandscapeRight";
				LD_RUNPATH_SEARCH_PATHS = (
					"$(inherited)",
					"@executable_path/Frameworks",
				);
				MARKETING_VERSION = 1.0;
				PRODUCT_BUNDLE_IDENTIFIER = ximing.Pokedex;
				PRODUCT_NAME = "$(TARGET_NAME)";
				SWIFT_EMIT_LOC_STRINGS = YES;
				SWIFT_VERSION = 5.0;
				TARGETED_DEVICE_FAMILY = "1,2";
			};
			name = Debug;
		};
		40B21C6E2A8EC1920074F79C /* Release */ = {
			isa = XCBuildConfiguration;
			buildSettings = {
				ASSETCATALOG_COMPILER_APPICON_NAME = AppIcon;
				ASSETCATALOG_COMPILER_GLOBAL_ACCENT_COLOR_NAME = AccentColor;
				CODE_SIGN_STYLE = Automatic;
				CURRENT_PROJECT_VERSION = 1;
				DEVELOPMENT_ASSET_PATHS = "\"Pokedex/Preview Content\"";
				DEVELOPMENT_TEAM = 2XGL4K68PY;
				ENABLE_PREVIEWS = YES;
				GENERATE_INFOPLIST_FILE = YES;
				INFOPLIST_KEY_UIApplicationSceneManifest_Generation = YES;
				INFOPLIST_KEY_UIApplicationSupportsIndirectInputEvents = YES;
				INFOPLIST_KEY_UILaunchScreen_Generation = YES;
				INFOPLIST_KEY_UISupportedInterfaceOrientations_iPad = "UIInterfaceOrientationPortrait UIInterfaceOrientationPortraitUpsideDown UIInterfaceOrientationLandscapeLeft UIInterfaceOrientationLandscapeRight";
				INFOPLIST_KEY_UISupportedInterfaceOrientations_iPhone = "UIInterfaceOrientationPortrait UIInterfaceOrientationLandscapeLeft UIInterfaceOrientationLandscapeRight";
				LD_RUNPATH_SEARCH_PATHS = (
					"$(inherited)",
					"@executable_path/Frameworks",
				);
				MARKETING_VERSION = 1.0;
				PRODUCT_BUNDLE_IDENTIFIER = ximing.Pokedex;
				PRODUCT_NAME = "$(TARGET_NAME)";
				SWIFT_EMIT_LOC_STRINGS = YES;
				SWIFT_VERSION = 5.0;
				TARGETED_DEVICE_FAMILY = "1,2";
			};
			name = Release;
		};
/* End XCBuildConfiguration section */

/* Begin XCConfigurationList section */
		40B21C592A8EC1900074F79C /* Build configuration list for PBXProject "Pokedex" */ = {
			isa = XCConfigurationList;
			buildConfigurations = (
				40B21C6A2A8EC1920074F79C /* Debug */,
				40B21C6B2A8EC1920074F79C /* Release */,
			);
			defaultConfigurationIsVisible = 0;
			defaultConfigurationName = Release;
		};
		40B21C6C2A8EC1920074F79C /* Build configuration list for PBXNativeTarget "Pokedex" */ = {
			isa = XCConfigurationList;
			buildConfigurations = (
				40B21C6D2A8EC1920074F79C /* Debug */,
				40B21C6E2A8EC1920074F79C /* Release */,
			);
			defaultConfigurationIsVisible = 0;
			defaultConfigurationName = Release;
		};
/* End XCConfigurationList section */
	};
	rootObject = 40B21C562A8EC1900074F79C /* Project object */;
}
